
Microsoft Visual Studio Solution File, Format Version 12.00
# Visual Studio Version 17
VisualStudioVersion = 17.6.33829.357
MinimumVisualStudioVersion = 10.0.40219.1
Project("{FAE04EC0-301F-11D3-BF4B-00C04F79EFBC}") = "Exercicio03-HashSet", "Exercicio03-HashSet.csproj", "{42F0C3E5-A481-406A-AFEE-714E1E86B77E}"
EndProject
Global
	GlobalSection(SolutionConfigurationPlatforms) = preSolution
		Debug|Any CPU = Debug|Any CPU
		Release|Any CPU = Release|Any CPU
	EndGlobalSection
	GlobalSection(ProjectConfigurationPlatforms) = postSolution
		{42F0C3E5-A481-406A-AFEE-714E1E86B77E}.Debug|Any CPU.ActiveCfg = Debug|Any CPU
		{42F0C3E5-A481-406A-AFEE-714E1E86B77E}.Debug|Any CPU.Build.0 = Debug|Any CPU
		{42F0C3E5-A481-406A-AFEE-714E1E86B77E}.Release|Any CPU.ActiveCfg = Release|Any CPU
		{42F0C3E5-A481-406A-AFEE-714E1E86B77E}.Release|Any CPU.Build.0 = Release|Any CPU
	EndGlobalSection
	GlobalSection(SolutionProperties) = preSolution
		HideSolutionNode = FALSE
	EndGlobalSection
	GlobalSection(ExtensibilityGlobals) = postSolution
		SolutionGuid = {0E323246-6CCB-4944-A455-6D86A7441AC3}
	EndGlobalSection
EndGlobal
