
Microsoft Visual Studio Solution File, Format Version 12.00
# Visual Studio Version 17
VisualStudioVersion = 17.6.33829.357
MinimumVisualStudioVersion = 10.0.40219.1
Project("{FAE04EC0-301F-11D3-BF4B-00C04F79EFBC}") = "Diferenca", "Diferenca.csproj", "{8B726CF8-4EF5-463A-9874-12EA2E2307B4}"
EndProject
Global
	GlobalSection(SolutionConfigurationPlatforms) = preSolution
		Debug|Any CPU = Debug|Any CPU
		Release|Any CPU = Release|Any CPU
	EndGlobalSection
	GlobalSection(ProjectConfigurationPlatforms) = postSolution
		{8B726CF8-4EF5-463A-9874-12EA2E2307B4}.Debug|Any CPU.ActiveCfg = Debug|Any CPU
		{8B726CF8-4EF5-463A-9874-12EA2E2307B4}.Debug|Any CPU.Build.0 = Debug|Any CPU
		{8B726CF8-4EF5-463A-9874-12EA2E2307B4}.Release|Any CPU.ActiveCfg = Release|Any CPU
		{8B726CF8-4EF5-463A-9874-12EA2E2307B4}.Release|Any CPU.Build.0 = Release|Any CPU
	EndGlobalSection
	GlobalSection(SolutionProperties) = preSolution
		HideSolutionNode = FALSE
	EndGlobalSection
	GlobalSection(ExtensibilityGlobals) = postSolution
		SolutionGuid = {72B9B3CC-3B91-4598-87FD-F025F07971AB}
	EndGlobalSection
EndGlobal
