
Microsoft Visual Studio Solution File, Format Version 12.00
# Visual Studio Version 17
VisualStudioVersion = 17.6.33829.357
MinimumVisualStudioVersion = 10.0.40219.1
Project("{FAE04EC0-301F-11D3-BF4B-00C04F79EFBC}") = "Exercio3While", "Exercio3While.csproj", "{600930D2-CD64-43AD-AD10-8676A1BD5C39}"
EndProject
Global
	GlobalSection(SolutionConfigurationPlatforms) = preSolution
		Debug|Any CPU = Debug|Any CPU
		Release|Any CPU = Release|Any CPU
	EndGlobalSection
	GlobalSection(ProjectConfigurationPlatforms) = postSolution
		{600930D2-CD64-43AD-AD10-8676A1BD5C39}.Debug|Any CPU.ActiveCfg = Debug|Any CPU
		{600930D2-CD64-43AD-AD10-8676A1BD5C39}.Debug|Any CPU.Build.0 = Debug|Any CPU
		{600930D2-CD64-43AD-AD10-8676A1BD5C39}.Release|Any CPU.ActiveCfg = Release|Any CPU
		{600930D2-CD64-43AD-AD10-8676A1BD5C39}.Release|Any CPU.Build.0 = Release|Any CPU
	EndGlobalSection
	GlobalSection(SolutionProperties) = preSolution
		HideSolutionNode = FALSE
	EndGlobalSection
	GlobalSection(ExtensibilityGlobals) = postSolution
		SolutionGuid = {0B5E50DC-2291-4D5D-ADCF-FE81C3522959}
	EndGlobalSection
EndGlobal
